github.com/ElephantInTheRoom-Michael/HugoTheme-Base v0.0.0-20251106224301-08bfb0b24685 h1:12WsFbr2gv2MUyNB5ojz41WgqfBPVv3VGzQV+zN9v+4=
github.com/ElephantInTheRoom-Michael/HugoTheme-Base v0.0.0-20251106224301-08bfb0b24685/go.mod h1:ppo9UER4Eswd5r02c1sEHssblREwgjZ17vmSyw/KX1Q=
github.com/ElephantInTheRoom-Michael/HugoTheme-Base v0.0.0-20251217035950-b619a8f96501 h1:NVyw29JawD6yS+d1WG8O+vdvUvR/0hOQzA5A453u95s=
github.com/ElephantInTheRoom-Michael/HugoTheme-Base v0.0.0-20251217035950-b619a8f96501/go.mod h1:ppo9UER4Eswd5r02c1sEHssblREwgjZ17vmSyw/KX1Q=
